
Microsoft Visual Studio Solution File, Format Version 12.00
# Visual Studio Version 17
VisualStudioVersion = 17.14.36414.22 d17.14
MinimumVisualStudioVersion = 10.0.40219.1
Project("{FAE04EC0-301F-11D3-BF4B-00C04F79EFBC}") = "McpServer", "McpServer.csproj", "{FDCE12E8-00E2-4202-97C8-34E9F056875B}"
EndProject
Global
	GlobalSection(SolutionConfigurationPlatforms) = preSolution
		Debug|Any CPU = Debug|Any CPU
		Release|Any CPU = Release|Any CPU
	EndGlobalSection
	GlobalSection(ProjectConfigurationPlatforms) = postSolution
		{FDCE12E8-00E2-4202-97C8-34E9F056875B}.Debug|Any CPU.ActiveCfg = Debug|Any CPU
		{FDCE12E8-00E2-4202-97C8-34E9F056875B}.Debug|Any CPU.Build.0 = Debug|Any CPU
		{FDCE12E8-00E2-4202-97C8-34E9F056875B}.Release|Any CPU.ActiveCfg = Release|Any CPU
		{FDCE12E8-00E2-4202-97C8-34E9F056875B}.Release|Any CPU.Build.0 = Release|Any CPU
	EndGlobalSection
	GlobalSection(SolutionProperties) = preSolution
		HideSolutionNode = FALSE
	EndGlobalSection
	GlobalSection(ExtensibilityGlobals) = postSolution
		SolutionGuid = {2F1AF8DC-8D90-4034-81C2-2E50FEE98458}
	EndGlobalSection
EndGlobal
